
Microsoft Visual Studio Solution File, Format Version 12.00
# Visual Studio for Mac
Project("{FAE04EC0-301F-11D3-BF4B-00C04F79EFBC}") = "3_UnityProject_Pingpong", "Assembly-CSharp.csproj", "{AEA58E2C-9B0D-634C-4CB4-6F1B0F924884}"
EndProject
Global
	GlobalSection(SolutionConfigurationPlatforms) = preSolution
		Debug|Any CPU = Debug|Any CPU
		Release|Any CPU = Release|Any CPU
	EndGlobalSection
	GlobalSection(ProjectConfigurationPlatforms) = postSolution
		{AEA58E2C-9B0D-634C-4CB4-6F1B0F924884}.Debug|Any CPU.ActiveCfg = Debug|Any CPU
		{AEA58E2C-9B0D-634C-4CB4-6F1B0F924884}.Debug|Any CPU.Build.0 = Debug|Any CPU
		{AEA58E2C-9B0D-634C-4CB4-6F1B0F924884}.Release|Any CPU.ActiveCfg = Release|Any CPU
		{AEA58E2C-9B0D-634C-4CB4-6F1B0F924884}.Release|Any CPU.Build.0 = Release|Any CPU
	EndGlobalSection
	GlobalSection(SolutionProperties) = preSolution
		HideSolutionNode = FALSE
	EndGlobalSection
EndGlobal
